
Microsoft Visual Studio Solution File, Format Version 12.00
# Visual Studio Version 16
VisualStudioVersion = 16.0.29403.142
MinimumVisualStudioVersion = 10.0.40219.1
Project("{FAE04EC0-301F-11D3-BF4B-00C04F79EFBC}") = "Store.UnitTest", "Store.UnitTest\Store.UnitTest.csproj", "{17E7EAD9-0A9F-4A90-95AB-A6AE6BFBC915}"
EndProject
Project("{FAE04EC0-301F-11D3-BF4B-00C04F79EFBC}") = "Store", "Store\Store.csproj", "{F17CA6C2-84A5-4033-965B-E075B2BBA444}"
EndProject
Global
	GlobalSection(SolutionConfigurationPlatforms) = preSolution
		Debug|Any CPU = Debug|Any CPU
		Release|Any CPU = Release|Any CPU
	EndGlobalSection
	GlobalSection(ProjectConfigurationPlatforms) = postSolution
		{17E7EAD9-0A9F-4A90-95AB-A6AE6BFBC915}.Debug|Any CPU.ActiveCfg = Debug|Any CPU
		{17E7EAD9-0A9F-4A90-95AB-A6AE6BFBC915}.Debug|Any CPU.Build.0 = Debug|Any CPU
		{17E7EAD9-0A9F-4A90-95AB-A6AE6BFBC915}.Release|Any CPU.ActiveCfg = Release|Any CPU
		{17E7EAD9-0A9F-4A90-95AB-A6AE6BFBC915}.Release|Any CPU.Build.0 = Release|Any CPU
		{F17CA6C2-84A5-4033-965B-E075B2BBA444}.Debug|Any CPU.ActiveCfg = Debug|Any CPU
		{F17CA6C2-84A5-4033-965B-E075B2BBA444}.Debug|Any CPU.Build.0 = Debug|Any CPU
		{F17CA6C2-84A5-4033-965B-E075B2BBA444}.Release|Any CPU.ActiveCfg = Release|Any CPU
		{F17CA6C2-84A5-4033-965B-E075B2BBA444}.Release|Any CPU.Build.0 = Release|Any CPU
	EndGlobalSection
	GlobalSection(SolutionProperties) = preSolution
		HideSolutionNode = FALSE
	EndGlobalSection
	GlobalSection(ExtensibilityGlobals) = postSolution
		SolutionGuid = {6DD64BDD-F53C-42EA-AEEE-95A24FFFC040}
	EndGlobalSection
EndGlobal
